
Microsoft Visual Studio Solution File, Format Version 12.00
# Visual Studio 2012
Project("{FAE04EC0-301F-11D3-BF4B-00C04F79EFBC}") = "DynamicTimeWarp", "DynamicTimeWarp\DynamicTimeWarp.csproj", "{AF48BE49-8EC2-498F-9241-4A7AAF504018}"
EndProject
Project("{FAE04EC0-301F-11D3-BF4B-00C04F79EFBC}") = "Recognizer", "Recognizer\Recognizer.csproj", "{57F46685-16F0-4A63-9075-EC17C9DCFF60}"
EndProject
Project("{FAE04EC0-301F-11D3-BF4B-00C04F79EFBC}") = "GestureRecognizer", "GestureRecognizer\GestureRecognizer.csproj", "{5B139402-08B7-4615-B9D1-36D1FE03CB87}"
EndProject
Global
	GlobalSection(SolutionConfigurationPlatforms) = preSolution
		Debug|Any CPU = Debug|Any CPU
		Release|Any CPU = Release|Any CPU
	EndGlobalSection
	GlobalSection(ProjectConfigurationPlatforms) = postSolution
		{57F46685-16F0-4A63-9075-EC17C9DCFF60}.Debug|Any CPU.ActiveCfg = Debug|Any CPU
		{57F46685-16F0-4A63-9075-EC17C9DCFF60}.Debug|Any CPU.Build.0 = Debug|Any CPU
		{57F46685-16F0-4A63-9075-EC17C9DCFF60}.Release|Any CPU.ActiveCfg = Release|Any CPU
		{57F46685-16F0-4A63-9075-EC17C9DCFF60}.Release|Any CPU.Build.0 = Release|Any CPU
		{5B139402-08B7-4615-B9D1-36D1FE03CB87}.Debug|Any CPU.ActiveCfg = Debug|Any CPU
		{5B139402-08B7-4615-B9D1-36D1FE03CB87}.Debug|Any CPU.Build.0 = Debug|Any CPU
		{5B139402-08B7-4615-B9D1-36D1FE03CB87}.Release|Any CPU.ActiveCfg = Release|Any CPU
		{5B139402-08B7-4615-B9D1-36D1FE03CB87}.Release|Any CPU.Build.0 = Release|Any CPU
		{AF48BE49-8EC2-498F-9241-4A7AAF504018}.Debug|Any CPU.ActiveCfg = Debug|Any CPU
		{AF48BE49-8EC2-498F-9241-4A7AAF504018}.Debug|Any CPU.Build.0 = Debug|Any CPU
		{AF48BE49-8EC2-498F-9241-4A7AAF504018}.Release|Any CPU.ActiveCfg = Release|Any CPU
		{AF48BE49-8EC2-498F-9241-4A7AAF504018}.Release|Any CPU.Build.0 = Release|Any CPU
	EndGlobalSection
EndGlobal
